// !$*UTF8*$!
{
	archiveVersion = 1;
	classes = {
	};
	objectVersion = 46;
	objects = {

/* Begin PBXBuildFile section */
		06946F8A1E606F1500848DAB /* AppDelegate.swift in Sources */ = {isa = PBXBuildFile; fileRef = 06946F891E606F1500848DAB /* AppDelegate.swift */; };
		06946F8C1E606F1500848DAB /* ViewController.swift in Sources */ = {isa = PBXBuildFile; fileRef = 06946F8B1E606F1500848DAB /* ViewController.swift */; };
		06946F8F1E606F1500848DAB /* Main.storyboard in Resources */ = {isa = PBXBuildFile; fileRef = 06946F8D1E606F1500848DAB /* Main.storyboard */; };
		06946F911E606F1500848DAB /* Assets.xcassets in Resources */ = {isa = PBXBuildFile; fileRef = 06946F901E606F1500848DAB /* Assets.xcassets */; };
		06946F941E606F1500848DAB /* LaunchScreen.storyboard in Resources */ = {isa = PBXBuildFile; fileRef = 06946F921E606F1500848DAB /* LaunchScreen.storyboard */; };
		06946F9F1E606F1500848DAB /* Virtual_TouristTests.swift in Sources */ = {isa = PBXBuildFile; fileRef = 06946F9E1E606F1500848DAB /* Virtual_TouristTests.swift */; };
		06946FAA1E606F1500848DAB /* Virtual_TouristUITests.swift in Sources */ = {isa = PBXBuildFile; fileRef = 06946FA91E606F1500848DAB /* Virtual_TouristUITests.swift */; };
		06946FBD1E6079CA00848DAB /* VTDataModel.xcdatamodeld in Sources */ = {isa = PBXBuildFile; fileRef = 06946FBB1E6079CA00848DAB /* VTDataModel.xcdatamodeld */; };
		06946FBF1E6079FB00848DAB /* MapViewController.swift in Sources */ = {isa = PBXBuildFile; fileRef = 06946FBE1E6079FB00848DAB /* MapViewController.swift */; };
		06946FC11E607A0C00848DAB /* PhotoAlbumViewController.swift in Sources */ = {isa = PBXBuildFile; fileRef = 06946FC01E607A0C00848DAB /* PhotoAlbumViewController.swift */; };
		06946FC91E60DDA400848DAB /* FlickrClient.swift in Sources */ = {isa = PBXBuildFile; fileRef = 06946FC81E60DDA400848DAB /* FlickrClient.swift */; };
		06946FCB1E60DDED00848DAB /* FlickrConstants.swift in Sources */ = {isa = PBXBuildFile; fileRef = 06946FCA1E60DDED00848DAB /* FlickrConstants.swift */; };
/* End PBXBuildFile section */

/* Begin PBXContainerItemProxy section */
		06946F9B1E606F1500848DAB /* PBXContainerItemProxy */ = {
			isa = PBXContainerItemProxy;
			containerPortal = 06946F7E1E606F1500848DAB /* Project object */;
			proxyType = 1;
			remoteGlobalIDString = 06946F851E606F1500848DAB;
			remoteInfo = "Virtual Tourist";
		};
		06946FA61E606F1500848DAB /* PBXContainerItemProxy */ = {
			isa = PBXContainerItemProxy;
			containerPortal = 06946F7E1E606F1500848DAB /* Project object */;
			proxyType = 1;
			remoteGlobalIDString = 06946F851E606F1500848DAB;
			remoteInfo = "Virtual Tourist";
		};
/* End PBXContainerItemProxy section */

/* Begin PBXFileReference section */
		06946F861E606F1500848DAB /* Virtual Tourist.app */ = {isa = PBXFileReference; explicitFileType = wrapper.application; includeInIndex = 0; path = "Virtual Tourist.app"; sourceTree = BUILT_PRODUCTS_DIR; };
		06946F891E606F1500848DAB /* AppDelegate.swift */ = {isa = PBXFileReference; lastKnownFileType = sourcecode.swift; path = AppDelegate.swift; sourceTree = "<group>"; };
		06946F8B1E606F1500848DAB /* ViewController.swift */ = {isa = PBXFileReference; lastKnownFileType = sourcecode.swift; path = ViewController.swift; sourceTree = "<group>"; };
		06946F8E1E606F1500848DAB /* Base */ = {isa = PBXFileReference; lastKnownFileType = file.storyboard; name = Base; path = Base.lproj/Main.storyboard; sourceTree = "<group>"; };
		06946F901E606F1500848DAB /* Assets.xcassets */ = {isa = PBXFileReference; lastKnownFileType = folder.assetcatalog; path = Assets.xcassets; sourceTree = "<group>"; };
		06946F931E606F1500848DAB /* Base */ = {isa = PBXFileReference; lastKnownFileType = file.storyboard; name = Base; path = Base.lproj/LaunchScreen.storyboard; sourceTree = "<group>"; };
		06946F951E606F1500848DAB /* Info.plist */ = {isa = PBXFileReference; lastKnownFileType = text.plist.xml; path = Info.plist; sourceTree = "<group>"; };
		06946F9A1E606F1500848DAB /* Virtual TouristTests.xctest */ = {isa = PBXFileReference; explicitFileType = wrapper.cfbundle; includeInIndex = 0; path = "Virtual TouristTests.xctest"; sourceTree = BUILT_PRODUCTS_DIR; };
		06946F9E1E606F1500848DAB /* Virtual_TouristTests.swift */ = {isa = PBXFileReference; lastKnownFileType = sourcecode.swift; path = Virtual_TouristTests.swift; sourceTree = "<group>"; };
		06946FA01E606F1500848DAB /* Info.plist */ = {isa = PBXFileReference; lastKnownFileType = text.plist.xml; path = Info.plist; sourceTree = "<group>"; };
		06946FA51E606F1500848DAB /* Virtual TouristUITests.xctest */ = {isa = PBXFileReference; explicitFileType = wrapper.cfbundle; includeInIndex = 0; path = "Virtual TouristUITests.xctest"; sourceTree = BUILT_PRODUCTS_DIR; };
		06946FA91E606F1500848DAB /* Virtual_TouristUITests.swift */ = {isa = PBXFileReference; lastKnownFileType = sourcecode.swift; path = Virtual_TouristUITests.swift; sourceTree = "<group>"; };
		06946FAB1E606F1500848DAB /* Info.plist */ = {isa = PBXFileReference; lastKnownFileType = text.plist.xml; path = Info.plist; sourceTree = "<group>"; };
		06946FBC1E6079CA00848DAB /* VTDataModel.xcdatamodel */ = {isa = PBXFileReference; lastKnownFileType = wrapper.xcdatamodel; path = VTDataModel.xcdatamodel; sourceTree = "<group>"; };
		06946FBE1E6079FB00848DAB /* MapViewController.swift */ = {isa = PBXFileReference; fileEncoding = 4; lastKnownFileType = sourcecode.swift; path = MapViewController.swift; sourceTree = "<group>"; };
		06946FC01E607A0C00848DAB /* PhotoAlbumViewController.swift */ = {isa = PBXFileReference; fileEncoding = 4; lastKnownFileType = sourcecode.swift; path = PhotoAlbumViewController.swift; sourceTree = "<group>"; };
		06946FC81E60DDA400848DAB /* FlickrClient.swift */ = {isa = PBXFileReference; fileEncoding = 4; lastKnownFileType = sourcecode.swift; path = FlickrClient.swift; sourceTree = "<group>"; };
		06946FCA1E60DDED00848DAB /* FlickrConstants.swift */ = {isa = PBXFileReference; fileEncoding = 4; lastKnownFileType = sourcecode.swift; path = FlickrConstants.swift; sourceTree = "<group>"; };
/* End PBXFileReference section */

/* Begin PBXFrameworksBuildPhase section */
		06946F831E606F1500848DAB /* Frameworks */ = {
			isa = PBXFrameworksBuildPhase;
			buildActionMask = 2147483647;
			files = (
			);
			runOnlyForDeploymentPostprocessing = 0;
		};
		06946F971E606F1500848DAB /* Frameworks */ = {
			isa = PBXFrameworksBuildPhase;
			buildActionMask = 2147483647;
			files = (
			);
			runOnlyForDeploymentPostprocessing = 0;
		};
		06946FA21E606F1500848DAB /* Frameworks */ = {
			isa = PBXFrameworksBuildPhase;
			buildActionMask = 2147483647;
			files = (
			);
			runOnlyForDeploymentPostprocessing = 0;
		};
/* End PBXFrameworksBuildPhase section */

/* Begin PBXGroup section */
		06946F7D1E606F1500848DAB = {
			isa = PBXGroup;
			children = (
				06946F881E606F1500848DAB /* Virtual Tourist */,
				06946F9D1E606F1500848DAB /* Virtual TouristTests */,
				06946FA81E606F1500848DAB /* Virtual TouristUITests */,
				06946F871E606F1500848DAB /* Products */,
			);
			sourceTree = "<group>";
		};
		06946F871E606F1500848DAB /* Products */ = {
			isa = PBXGroup;
			children = (
				06946F861E606F1500848DAB /* Virtual Tourist.app */,
				06946F9A1E606F1500848DAB /* Virtual TouristTests.xctest */,
				06946FA51E606F1500848DAB /* Virtual TouristUITests.xctest */,
			);
			name = Products;
			sourceTree = "<group>";
		};
		06946F881E606F1500848DAB /* Virtual Tourist */ = {
			isa = PBXGroup;
			children = (
				06946F891E606F1500848DAB /* AppDelegate.swift */,
				06946F8B1E606F1500848DAB /* ViewController.swift */,
				06946FB91E606F3A00848DAB /* Model */,
				06946FBA1E606F4300848DAB /* Controller */,
				06946FB71E606F2800848DAB /* Assets */,
				06946FB81E606F3100848DAB /* Support Files */,
			);
			path = "Virtual Tourist";
			sourceTree = "<group>";
		};
		06946F9D1E606F1500848DAB /* Virtual TouristTests */ = {
			isa = PBXGroup;
			children = (
				06946F9E1E606F1500848DAB /* Virtual_TouristTests.swift */,
				06946FA01E606F1500848DAB /* Info.plist */,
			);
			path = "Virtual TouristTests";
			sourceTree = "<group>";
		};
		06946FA81E606F1500848DAB /* Virtual TouristUITests */ = {
			isa = PBXGroup;
			children = (
				06946FA91E606F1500848DAB /* Virtual_TouristUITests.swift */,
				06946FAB1E606F1500848DAB /* Info.plist */,
			);
			path = "Virtual TouristUITests";
			sourceTree = "<group>";
		};
		06946FB71E606F2800848DAB /* Assets */ = {
			isa = PBXGroup;
			children = (
				06946F8D1E606F1500848DAB /* Main.storyboard */,
				06946F921E606F1500848DAB /* LaunchScreen.storyboard */,
				06946F901E606F1500848DAB /* Assets.xcassets */,
			);
			name = Assets;
			sourceTree = "<group>";
		};
		06946FB81E606F3100848DAB /* Support Files */ = {
			isa = PBXGroup;
			children = (
				06946F951E606F1500848DAB /* Info.plist */,
			);
			name = "Support Files";
			sourceTree = "<group>";
		};
		06946FB91E606F3A00848DAB /* Model */ = {
			isa = PBXGroup;
			children = (
				06946FC61E60DD8000848DAB /* Client */,
				06946FBB1E6079CA00848DAB /* VTDataModel.xcdatamodeld */,
			);
			name = Model;
			sourceTree = "<group>";
		};
		06946FBA1E606F4300848DAB /* Controller */ = {
			isa = PBXGroup;
			children = (
				06946FBE1E6079FB00848DAB /* MapViewController.swift */,
				06946FC01E607A0C00848DAB /* PhotoAlbumViewController.swift */,
			);
			name = Controller;
			sourceTree = "<group>";
		};
		06946FC61E60DD8000848DAB /* Client */ = {
			isa = PBXGroup;
			children = (
				06946FC71E60DD8E00848DAB /* Flickr */,
			);
			name = Client;
			sourceTree = "<group>";
		};
		06946FC71E60DD8E00848DAB /* Flickr */ = {
			isa = PBXGroup;
			children = (
				06946FC81E60DDA400848DAB /* FlickrClient.swift */,
				06946FCA1E60DDED00848DAB /* FlickrConstants.swift */,
			);
			name = Flickr;
			sourceTree = "<group>";
		};
/* End PBXGroup section */

/* Begin PBXNativeTarget section */
		06946F851E606F1500848DAB /* Virtual Tourist */ = {
			isa = PBXNativeTarget;
			buildConfigurationList = 06946FAE1E606F1500848DAB /* Build configuration list for PBXNativeTarget "Virtual Tourist" */;
			buildPhases = (
				06946F821E606F1500848DAB /* Sources */,
				06946F831E606F1500848DAB /* Frameworks */,
				06946F841E606F1500848DAB /* Resources */,
			);
			buildRules = (
			);
			dependencies = (
			);
			name = "Virtual Tourist";
			productName = "Virtual Tourist";
			productReference = 06946F861E606F1500848DAB /* Virtual Tourist.app */;
			productType = "com.apple.product-type.application";
		};
		06946F991E606F1500848DAB /* Virtual TouristTests */ = {
			isa = PBXNativeTarget;
			buildConfigurationList = 06946FB11E606F1500848DAB /* Build configuration list for PBXNativeTarget "Virtual TouristTests" */;
			buildPhases = (
				06946F961E606F1500848DAB /* Sources */,
				06946F971E606F1500848DAB /* Frameworks */,
				06946F981E606F1500848DAB /* Resources */,
			);
			buildRules = (
			);
			dependencies = (
				06946F9C1E606F1500848DAB /* PBXTargetDependency */,
			);
			name = "Virtual TouristTests";
			productName = "Virtual TouristTests";
			productReference = 06946F9A1E606F1500848DAB /* Virtual TouristTests.xctest */;
			productType = "com.apple.product-type.bundle.unit-test";
		};
		06946FA41E606F1500848DAB /* Virtual TouristUITests */ = {
			isa = PBXNativeTarget;
			buildConfigurationList = 06946FB41E606F1500848DAB /* Build configuration list for PBXNativeTarget "Virtual TouristUITests" */;
			buildPhases = (
				06946FA11E606F1500848DAB /* Sources */,
				06946FA21E606F1500848DAB /* Frameworks */,
				06946FA31E606F1500848DAB /* Resources */,
			);
			buildRules = (
			);
			dependencies = (
				06946FA71E606F1500848DAB /* PBXTargetDependency */,
			);
			name = "Virtual TouristUITests";
			productName = "Virtual TouristUITests";
			productReference = 06946FA51E606F1500848DAB /* Virtual TouristUITests.xctest */;
			productType = "com.apple.product-type.bundle.ui-testing";
		};
/* End PBXNativeTarget section */

/* Begin PBXProject section */
		06946F7E1E606F1500848DAB /* Project object */ = {
			isa = PBXProject;
			attributes = {
				LastSwiftUpdateCheck = 0820;
				LastUpgradeCheck = 0820;
				ORGANIZATIONNAME = "Cedeno Enterprises, Inc";
				TargetAttributes = {
					06946F851E606F1500848DAB = {
						CreatedOnToolsVersion = 8.2.1;
						DevelopmentTeam = HC236JEG46;
						ProvisioningStyle = Automatic;
					};
					06946F991E606F1500848DAB = {
						CreatedOnToolsVersion = 8.2.1;
						DevelopmentTeam = HC236JEG46;
						ProvisioningStyle = Automatic;
						TestTargetID = 06946F851E606F1500848DAB;
					};
					06946FA41E606F1500848DAB = {
						CreatedOnToolsVersion = 8.2.1;
						DevelopmentTeam = HC236JEG46;
						ProvisioningStyle = Automatic;
						TestTargetID = 06946F851E606F1500848DAB;
					};
				};
			};
			buildConfigurationList = 06946F811E606F1500848DAB /* Build configuration list for PBXProject "Virtual Tourist" */;
			compatibilityVersion = "Xcode 3.2";
			developmentRegion = English;
			hasScannedForEncodings = 0;
			knownRegions = (
				en,
				Base,
			);
			mainGroup = 06946F7D1E606F1500848DAB;
			productRefGroup = 06946F871E606F1500848DAB /* Products */;
			projectDirPath = "";
			projectRoot = "";
			targets = (
				06946F851E606F1500848DAB /* Virtual Tourist */,
				06946F991E606F1500848DAB /* Virtual TouristTests */,
				06946FA41E606F1500848DAB /* Virtual TouristUITests */,
			);
		};
/* End PBXProject section */

/* Begin PBXResourcesBuildPhase section */
		06946F841E606F1500848DAB /* Resources */ = {
			isa = PBXResourcesBuildPhase;
			buildActionMask = 2147483647;
			files = (
				06946F941E606F1500848DAB /* LaunchScreen.storyboard in Resources */,
				06946F911E606F1500848DAB /* Assets.xcassets in Resources */,
				06946F8F1E606F1500848DAB /* Main.storyboard in Resources */,
			);
			runOnlyForDeploymentPostprocessing = 0;
		};
		06946F981E606F1500848DAB /* Resources */ = {
			isa = PBXResourcesBuildPhase;
			buildActionMask = 2147483647;
			files = (
			);
			runOnlyForDeploymentPostprocessing = 0;
		};
		06946FA31E606F1500848DAB /* Resources */ = {
			isa = PBXResourcesBuildPhase;
			buildActionMask = 2147483647;
			files = (
			);
			runOnlyForDeploymentPostprocessing = 0;
		};
/* End PBXResourcesBuildPhase section */

/* Begin PBXSourcesBuildPhase section */
		06946F821E606F1500848DAB /* Sources */ = {
			isa = PBXSourcesBuildPhase;
			buildActionMask = 2147483647;
			files = (
				06946F8C1E606F1500848DAB /* ViewController.swift in Sources */,
				06946F8A1E606F1500848DAB /* AppDelegate.swift in Sources */,
				06946FBD1E6079CA00848DAB /* VTDataModel.xcdatamodeld in Sources */,
				06946FC11E607A0C00848DAB /* PhotoAlbumViewController.swift in Sources */,
				06946FCB1E60DDED00848DAB /* FlickrConstants.swift in Sources */,
				06946FBF1E6079FB00848DAB /* MapViewController.swift in Sources */,
				06946FC91E60DDA400848DAB /* FlickrClient.swift in Sources */,
			);
			runOnlyForDeploymentPostprocessing = 0;
		};
		06946F961E606F1500848DAB /* Sources */ = {
			isa = PBXSourcesBuildPhase;
			buildActionMask = 2147483647;
			files = (
				06946F9F1E606F1500848DAB /* Virtual_TouristTests.swift in Sources */,
			);
			runOnlyForDeploymentPostprocessing = 0;
		};
		06946FA11E606F1500848DAB /* Sources */ = {
			isa = PBXSourcesBuildPhase;
			buildActionMask = 2147483647;
			files = (
				06946FAA1E606F1500848DAB /* Virtual_TouristUITests.swift in Sources */,
			);
			runOnlyForDeploymentPostprocessing = 0;
		};
/* End PBXSourcesBuildPhase section */

/* Begin PBXTargetDependency section */
		06946F9C1E606F1500848DAB /* PBXTargetDependency */ = {
			isa = PBXTargetDependency;
			target = 06946F851E606F1500848DAB /* Virtual Tourist */;
			targetProxy = 06946F9B1E606F1500848DAB /* PBXContainerItemProxy */;
		};
		06946FA71E606F1500848DAB /* PBXTargetDependency */ = {
			isa = PBXTargetDependency;
			target = 06946F851E606F1500848DAB /* Virtual Tourist */;
			targetProxy = 06946FA61E606F1500848DAB /* PBXContainerItemProxy */;
		};
/* End PBXTargetDependency section */

/* Begin PBXVariantGroup section */
		06946F8D1E606F1500848DAB /* Main.storyboard */ = {
			isa = PBXVariantGroup;
			children = (
				06946F8E1E606F1500848DAB /* Base */,
			);
			name = Main.storyboard;
			sourceTree = "<group>";
		};
		06946F921E606F1500848DAB /* LaunchScreen.storyboard */ = {
			isa = PBXVariantGroup;
			children = (
				06946F931E606F1500848DAB /* Base */,
			);
			name = LaunchScreen.storyboard;
			sourceTree = "<group>";
		};
/* End PBXVariantGroup section */

/* Begin XCBuildConfiguration section */
		06946FAC1E606F1500848DAB /* Debug */ = {
			isa = XCBuildConfiguration;
			buildSettings = {
				ALWAYS_SEARCH_USER_PATHS = NO;
				CLANG_ANALYZER_NONNULL = YES;
				CLANG_CXX_LANGUAGE_STANDARD = "gnu++0x";
				CLANG_CXX_LIBRARY = "libc++";
				CLANG_ENABLE_MODULES = YES;
				CLANG_ENABLE_OBJC_ARC = YES;
				CLANG_WARN_BOOL_CONVERSION = YES;
				CLANG_WARN_CONSTANT_CONVERSION = YES;
				CLANG_WARN_DIRECT_OBJC_ISA_USAGE = YES_ERROR;
				CLANG_WARN_DOCUMENTATION_COMMENTS = YES;
				CLANG_WARN_EMPTY_BODY = YES;
				CLANG_WARN_ENUM_CONVERSION = YES;
				CLANG_WARN_INFINITE_RECURSION = YES;
				CLANG_WARN_INT_CONVERSION = YES;
				CLANG_WARN_OBJC_ROOT_CLASS = YES_ERROR;
				CLANG_WARN_SUSPICIOUS_MOVE = YES;
				CLANG_WARN_UNREACHABLE_CODE = YES;
				CLANG_WARN__DUPLICATE_METHOD_MATCH = YES;
				"CODE_SIGN_IDENTITY[sdk=iphoneos*]" = "iPhone Developer";
				COPY_PHASE_STRIP = NO;
				DEBUG_INFORMATION_FORMAT = dwarf;
				ENABLE_STRICT_OBJC_MSGSEND = YES;
				ENABLE_TESTABILITY = YES;
				GCC_C_LANGUAGE_STANDARD = gnu99;
				GCC_DYNAMIC_NO_PIC = NO;
				GCC_NO_COMMON_BLOCKS = YES;
				GCC_OPTIMIZATION_LEVEL = 0;
				GCC_PREPROCESSOR_DEFINITIONS = (
					"DEBUG=1",
					"$(inherited)",
				);
				GCC_WARN_64_TO_32_BIT_CONVERSION = YES;
				GCC_WARN_ABOUT_RETURN_TYPE = YES_ERROR;
				GCC_WARN_UNDECLARED_SELECTOR = YES;
				GCC_WARN_UNINITIALIZED_AUTOS = YES_AGGRESSIVE;
				GCC_WARN_UNUSED_FUNCTION = YES;
				GCC_WARN_UNUSED_VARIABLE = YES;
				IPHONEOS_DEPLOYMENT_TARGET = 10.2;
				MTL_ENABLE_DEBUG_INFO = YES;
				ONLY_ACTIVE_ARCH = YES;
				SDKROOT = iphoneos;
				SWIFT_ACTIVE_COMPILATION_CONDITIONS = DEBUG;
				SWIFT_OPTIMIZATION_LEVEL = "-Onone";
			};
			name = Debug;
		};
		06946FAD1E606F1500848DAB /* Release */ = {
			isa = XCBuildConfiguration;
			buildSettings = {
				ALWAYS_SEARCH_USER_PATHS = NO;
				CLANG_ANALYZER_NONNULL = YES;
				CLANG_CXX_LANGUAGE_STANDARD = "gnu++0x";
				CLANG_CXX_LIBRARY = "libc++";
				CLANG_ENABLE_MODULES = YES;
				CLANG_ENABLE_OBJC_ARC = YES;
				CLANG_WARN_BOOL_CONVERSION = YES;
				CLANG_WARN_CONSTANT_CONVERSION = YES;
				CLANG_WARN_DIRECT_OBJC_ISA_USAGE = YES_ERROR;
				CLANG_WARN_DOCUMENTATION_COMMENTS = YES;
				CLANG_WARN_EMPTY_BODY = YES;
				CLANG_WARN_ENUM_CONVERSION = YES;
				CLANG_WARN_INFINITE_RECURSION = YES;
				CLANG_WARN_INT_CONVERSION = YES;
				CLANG_WARN_OBJC_ROOT_CLASS = YES_ERROR;
				CLANG_WARN_SUSPICIOUS_MOVE = YES;
				CLANG_WARN_UNREACHABLE_CODE = YES;
				CLANG_WARN__DUPLICATE_METHOD_MATCH = YES;
				"CODE_SIGN_IDENTITY[sdk=iphoneos*]" = "iPhone Developer";
				COPY_PHASE_STRIP = NO;
				DEBUG_INFORMATION_FORMAT = "dwarf-with-dsym";
				ENABLE_NS_ASSERTIONS = NO;
				ENABLE_STRICT_OBJC_MSGSEND = YES;
				GCC_C_LANGUAGE_STANDARD = gnu99;
				GCC_NO_COMMON_BLOCKS = YES;
				GCC_WARN_64_TO_32_BIT_CONVERSION = YES;
				GCC_WARN_ABOUT_RETURN_TYPE = YES_ERROR;
				GCC_WARN_UNDECLARED_SELECTOR = YES;
				GCC_WARN_UNINITIALIZED_AUTOS = YES_AGGRESSIVE;
				GCC_WARN_UNUSED_FUNCTION = YES;
				GCC_WARN_UNUSED_VARIABLE = YES;
				IPHONEOS_DEPLOYMENT_TARGET = 10.2;
				MTL_ENABLE_DEBUG_INFO = NO;
				SDKROOT = iphoneos;
				SWIFT_OPTIMIZATION_LEVEL = "-Owholemodule";
				VALIDATE_PRODUCT = YES;
			};
			name = Release;
		};
		06946FAF1E606F1500848DAB /* Debug */ = {
			isa = XCBuildConfiguration;
			buildSettings = {
				ASSETCATALOG_COMPILER_APPICON_NAME = AppIcon;
				DEVELOPMENT_TEAM = HC236JEG46;
				INFOPLIST_FILE = "Virtual Tourist/Info.plist";
				LD_RUNPATH_SEARCH_PATHS = "$(inherited) @executable_path/Frameworks";
				PRODUCT_BUNDLE_IDENTIFIER = "CEI.Virtual-Tourist";
				PRODUCT_NAME = "$(TARGET_NAME)";
				SWIFT_VERSION = 3.0;
			};
			name = Debug;
		};
		06946FB01E606F1500848DAB /* Release */ = {
			isa = XCBuildConfiguration;
			buildSettings = {
				ASSETCATALOG_COMPILER_APPICON_NAME = AppIcon;
				DEVELOPMENT_TEAM = HC236JEG46;
				INFOPLIST_FILE = "Virtual Tourist/Info.plist";
				LD_RUNPATH_SEARCH_PATHS = "$(inherited) @executable_path/Frameworks";
				PRODUCT_BUNDLE_IDENTIFIER = "CEI.Virtual-Tourist";
				PRODUCT_NAME = "$(TARGET_NAME)";
				SWIFT_VERSION = 3.0;
			};
			name = Release;
		};
		06946FB21E606F1500848DAB /* Debug */ = {
			isa = XCBuildConfiguration;
			buildSettings = {
				ALWAYS_EMBED_SWIFT_STANDARD_LIBRARIES = YES;
				BUNDLE_LOADER = "$(TEST_HOST)";
				DEVELOPMENT_TEAM = HC236JEG46;
				INFOPLIST_FILE = "Virtual TouristTests/Info.plist";
				LD_RUNPATH_SEARCH_PATHS = "$(inherited) @executable_path/Frameworks @loader_path/Frameworks";
				PRODUCT_BUNDLE_IDENTIFIER = "CEI.Virtual-TouristTests";
				PRODUCT_NAME = "$(TARGET_NAME)";
				SWIFT_VERSION = 3.0;
				TEST_HOST = "$(BUILT_PRODUCTS_DIR)/Virtual Tourist.app/Virtual Tourist";
			};
			name = Debug;
		};
		06946FB31E606F1500848DAB /* Release */ = {
			isa = XCBuildConfiguration;
			buildSettings = {
				ALWAYS_EMBED_SWIFT_STANDARD_LIBRARIES = YES;
				BUNDLE_LOADER = "$(TEST_HOST)";
				DEVELOPMENT_TEAM = HC236JEG46;
				INFOPLIST_FILE = "Virtual TouristTests/Info.plist";
				LD_RUNPATH_SEARCH_PATHS = "$(inherited) @executable_path/Frameworks @loader_path/Frameworks";
				PRODUCT_BUNDLE_IDENTIFIER = "CEI.Virtual-TouristTests";
				PRODUCT_NAME = "$(TARGET_NAME)";
				SWIFT_VERSION = 3.0;
				TEST_HOST = "$(BUILT_PRODUCTS_DIR)/Virtual Tourist.app/Virtual Tourist";
			};
			name = Release;
		};
		06946FB51E606F1500848DAB /* Debug */ = {
			isa = XCBuildConfiguration;
			buildSettings = {
				ALWAYS_EMBED_SWIFT_STANDARD_LIBRARIES = YES;
				DEVELOPMENT_TEAM = HC236JEG46;
				INFOPLIST_FILE = "Virtual TouristUITests/Info.plist";
				LD_RUNPATH_SEARCH_PATHS = "$(inherited) @executable_path/Frameworks @loader_path/Frameworks";
				PRODUCT_BUNDLE_IDENTIFIER = "CEI.Virtual-TouristUITests";
				PRODUCT_NAME = "$(TARGET_NAME)";
				SWIFT_VERSION = 3.0;
				TEST_TARGET_NAME = "Virtual Tourist";
			};
			name = Debug;
		};
		06946FB61E606F1500848DAB /* Release */ = {
			isa = XCBuildConfiguration;
			buildSettings = {
				ALWAYS_EMBED_SWIFT_STANDARD_LIBRARIES = YES;
				DEVELOPMENT_TEAM = HC236JEG46;
				INFOPLIST_FILE = "Virtual TouristUITests/Info.plist";
				LD_RUNPATH_SEARCH_PATHS = "$(inherited) @executable_path/Frameworks @loader_path/Frameworks";
				PRODUCT_BUNDLE_IDENTIFIER = "CEI.Virtual-TouristUITests";
				PRODUCT_NAME = "$(TARGET_NAME)";
				SWIFT_VERSION = 3.0;
				TEST_TARGET_NAME = "Virtual Tourist";
			};
			name = Release;
		};
/* End XCBuildConfiguration section */

/* Begin XCConfigurationList section */
		06946F811E606F1500848DAB /* Build configuration list for PBXProject "Virtual Tourist" */ = {
			isa = XCConfigurationList;
			buildConfigurations = (
				06946FAC1E606F1500848DAB /* Debug */,
				06946FAD1E606F1500848DAB /* Release */,
			);
			defaultConfigurationIsVisible = 0;
			defaultConfigurationName = Release;
		};
		06946FAE1E606F1500848DAB /* Build configuration list for PBXNativeTarget "Virtual Tourist" */ = {
			isa = XCConfigurationList;
			buildConfigurations = (
				06946FAF1E606F1500848DAB /* Debug */,
				06946FB01E606F1500848DAB /* Release */,
			);
			defaultConfigurationIsVisible = 0;
		};
		06946FB11E606F1500848DAB /* Build configuration list for PBXNativeTarget "Virtual TouristTests" */ = {
			isa = XCConfigurationList;
			buildConfigurations = (
				06946FB21E606F1500848DAB /* Debug */,
				06946FB31E606F1500848DAB /* Release */,
			);
			defaultConfigurationIsVisible = 0;
		};
		06946FB41E606F1500848DAB /* Build configuration list for PBXNativeTarget "Virtual TouristUITests" */ = {
			isa = XCConfigurationList;
			buildConfigurations = (
				06946FB51E606F1500848DAB /* Debug */,
				06946FB61E606F1500848DAB /* Release */,
			);
			defaultConfigurationIsVisible = 0;
		};
/* End XCConfigurationList section */

/* Begin XCVersionGroup section */
		06946FBB1E6079CA00848DAB /* VTDataModel.xcdatamodeld */ = {
			isa = XCVersionGroup;
			children = (
				06946FBC1E6079CA00848DAB /* VTDataModel.xcdatamodel */,
			);
			currentVersion = 06946FBC1E6079CA00848DAB /* VTDataModel.xcdatamodel */;
			path = VTDataModel.xcdatamodeld;
			sourceTree = "<group>";
			versionGroupType = wrapper.xcdatamodel;
		};
/* End XCVersionGroup section */
	};
	rootObject = 06946F7E1E606F1500848DAB /* Project object */;
}
